
Microsoft Visual Studio Solution File, Format Version 12.00
# Visual Studio Version 17
VisualStudioVersion = 17.10.35013.160
MinimumVisualStudioVersion = 10.0.40219.1
Project("{FAE04EC0-301F-11D3-BF4B-00C04F79EFBC}") = "NogometniKlubAPP", "NogometniKlubAPP\NogometniKlubAPP.csproj", "{40D4A8FC-DB20-4F67-8955-34BBCEFA8AB2}"
EndProject
Global
	GlobalSection(SolutionConfigurationPlatforms) = preSolution
		Debug|Any CPU = Debug|Any CPU
		Release|Any CPU = Release|Any CPU
	EndGlobalSection
	GlobalSection(ProjectConfigurationPlatforms) = postSolution
		{40D4A8FC-DB20-4F67-8955-34BBCEFA8AB2}.Debug|Any CPU.ActiveCfg = Debug|Any CPU
		{40D4A8FC-DB20-4F67-8955-34BBCEFA8AB2}.Debug|Any CPU.Build.0 = Debug|Any CPU
		{40D4A8FC-DB20-4F67-8955-34BBCEFA8AB2}.Release|Any CPU.ActiveCfg = Release|Any CPU
		{40D4A8FC-DB20-4F67-8955-34BBCEFA8AB2}.Release|Any CPU.Build.0 = Release|Any CPU
	EndGlobalSection
	GlobalSection(SolutionProperties) = preSolution
		HideSolutionNode = FALSE
	EndGlobalSection
	GlobalSection(ExtensibilityGlobals) = postSolution
		SolutionGuid = {D3E746E7-EE9D-49E6-BFEE-6634DED87CA7}
	EndGlobalSection
EndGlobal
